
Microsoft Visual Studio Solution File, Format Version 12.00
# Visual Studio Version 17
VisualStudioVersion = 17.10.35201.131
MinimumVisualStudioVersion = 10.0.40219.1
Project("{9A19103F-16F7-4668-BE54-9A1E7A4F7556}") = "PolygonTest", "PolygonTest\PolygonTest.csproj", "{6EA319F0-87DE-4683-BF32-9DDC91F3CE85}"
EndProject
Project("{FAE04EC0-301F-11D3-BF4B-00C04F79EFBC}") = "TestProjectPolygonTest", "TestProjectPolygonTest\TestProjectPolygonTest.csproj", "{4B1E8004-C09C-49C7-BA70-8A95D6BC06CF}"
EndProject
Global
	GlobalSection(SolutionConfigurationPlatforms) = preSolution
		Debug|Any CPU = Debug|Any CPU
		Release|Any CPU = Release|Any CPU
	EndGlobalSection
	GlobalSection(ProjectConfigurationPlatforms) = postSolution
		{6EA319F0-87DE-4683-BF32-9DDC91F3CE85}.Debug|Any CPU.ActiveCfg = Debug|Any CPU
		{6EA319F0-87DE-4683-BF32-9DDC91F3CE85}.Debug|Any CPU.Build.0 = Debug|Any CPU
		{6EA319F0-87DE-4683-BF32-9DDC91F3CE85}.Release|Any CPU.ActiveCfg = Release|Any CPU
		{6EA319F0-87DE-4683-BF32-9DDC91F3CE85}.Release|Any CPU.Build.0 = Release|Any CPU
		{4B1E8004-C09C-49C7-BA70-8A95D6BC06CF}.Debug|Any CPU.ActiveCfg = Debug|Any CPU
		{4B1E8004-C09C-49C7-BA70-8A95D6BC06CF}.Debug|Any CPU.Build.0 = Debug|Any CPU
		{4B1E8004-C09C-49C7-BA70-8A95D6BC06CF}.Release|Any CPU.ActiveCfg = Release|Any CPU
		{4B1E8004-C09C-49C7-BA70-8A95D6BC06CF}.Release|Any CPU.Build.0 = Release|Any CPU
	EndGlobalSection
	GlobalSection(SolutionProperties) = preSolution
		HideSolutionNode = FALSE
	EndGlobalSection
	GlobalSection(ExtensibilityGlobals) = postSolution
		SolutionGuid = {137A006F-F2A8-412F-938E-5B728A234636}
	EndGlobalSection
EndGlobal
